// !$*UTF8*$!
{
	archiveVersion = 1;
	classes = {
	};
	objectVersion = 77;
	objects = {

/* Begin PBXBuildFile section */
		FAFD1FCE3053E57100919122 /* HotReloading in Frameworks */ = {isa = PBXBuildFile; productRef = FAFD1FCD3053E57100919122 /* HotReloading */; };
		FAFD1FD03053E57100919122 /* HotReloadingGuts in Frameworks */ = {isa = PBXBuildFile; productRef = FAFD1FCF3053E57100919122 /* HotReloadingGuts */; };
		FAFD1FD73053E5DA00919122 /* SwiftUIX in Frameworks */ = {isa = PBXBuildFile; productRef = FAFD1FD63053E5DA00919122 /* SwiftUIX */; };
		FAFD1FDA3053E67700919122 /* Pow in Frameworks */ = {isa = PBXBuildFile; productRef = FAFD1FD93053E67700919122 /* Pow */; };
		FAFD1FDD3053FA0F00919122 /* SkeletonUI in Frameworks */ = {isa = PBXBuildFile; productRef = FAFD1FDC3053FA0F00919122 /* SkeletonUI */; };
/* End PBXBuildFile section */

/* Begin PBXContainerItemProxy section */
		FAFD1F393053AD8000919122 /* PBXContainerItemProxy */ = {
			isa = PBXContainerItemProxy;
			containerPortal = FAFD1F213053AD7E00919122 /* Project object */;
			proxyType = 1;
			remoteGlobalIDString = FAFD1F283053AD7E00919122;
			remoteInfo = LifeDeck;
		};
		FAFD1F433053AD8000919122 /* PBXContainerItemProxy */ = {
			isa = PBXContainerItemProxy;
			containerPortal = FAFD1F213053AD7E00919122 /* Project object */;
			proxyType = 1;
			remoteGlobalIDString = FAFD1F283053AD7E00919122;
			remoteInfo = LifeDeck;
		};
/* End PBXContainerItemProxy section */

/* Begin PBXFileReference section */
		FAFD1F293053AD7E00919122 /* LifeDeck.app */ = {isa = PBXFileReference; explicitFileType = wrapper.application; includeInIndex = 0; path = LifeDeck.app; sourceTree = BUILT_PRODUCTS_DIR; };
		FAFD1F383053AD8000919122 /* LifeDeckTests.xctest */ = {isa = PBXFileReference; explicitFileType = wrapper.cfbundle; includeInIndex = 0; path = LifeDeckTests.xctest; sourceTree = BUILT_PRODUCTS_DIR; };
		FAFD1F423053AD8000919122 /* LifeDeckUITests.xctest */ = {isa = PBXFileReference; explicitFileType = wrapper.cfbundle; includeInIndex = 0; path = LifeDeckUITests.xctest; sourceTree = BUILT_PRODUCTS_DIR; };
/* End PBXFileReference section */

/* Begin PBXFileSystemSynchronizedRootGroup section */
		FAFD1F2B3053AD7E00919122 /* LifeDeck */ = {
			isa = PBXFileSystemSynchronizedRootGroup;
			path = LifeDeck;
			sourceTree = "<group>";
		};
		FAFD1F3B3053AD8000919122 /* LifeDeckTests */ = {
			isa = PBXFileSystemSynchronizedRootGroup;
			path = LifeDeckTests;
			sourceTree = "<group>";
		};
		FAFD1F453053AD8000919122 /* LifeDeckUITests */ = {
			isa = PBXFileSystemSynchronizedRootGroup;
			path = LifeDeckUITests;
			sourceTree = "<group>";
		};
/* End PBXFileSystemSynchronizedRootGroup section */

/* Begin PBXFrameworksBuildPhase section */
		FAFD1F263053AD7E00919122 /* Frameworks */ = {
			isa = PBXFrameworksBuildPhase;
			buildActionMask = 2147483647;
			files = (
				FAFD1FCE3053E57100919122 /* HotReloading in Frameworks */,
				FAFD1FDA3053E67700919122 /* Pow in Frameworks */,
				FAFD1FDD3053FA0F00919122 /* SkeletonUI in Frameworks */,
				FAFD1FD73053E5DA00919122 /* SwiftUIX in Frameworks */,
				FAFD1FD03053E57100919122 /* HotReloadingGuts in Frameworks */,
			);
			runOnlyForDeploymentPostprocessing = 0;
		};
		FAFD1F353053AD8000919122 /* Frameworks */ = {
			isa = PBXFrameworksBuildPhase;
			buildActionMask = 2147483647;
			files = (
			);
			runOnlyForDeploymentPostprocessing = 0;
		};
		FAFD1F3F3053AD8000919122 /* Frameworks */ = {
			isa = PBXFrameworksBuildPhase;
			buildActionMask = 2147483647;
			files = (
			);
			runOnlyForDeploymentPostprocessing = 0;
		};
/* End PBXFrameworksBuildPhase section */

/* Begin PBXGroup section */
		FAFD1F203053AD7E00919122 = {
			isa = PBXGroup;
			children = (
				FAFD1F2B3053AD7E00919122 /* LifeDeck */,
				FAFD1F3B3053AD8000919122 /* LifeDeckTests */,
				FAFD1F453053AD8000919122 /* LifeDeckUITests */,
				FAFD1F2A3053AD7E00919122 /* Products */,
			);
			sourceTree = "<group>";
		};
		FAFD1F2A3053AD7E00919122 /* Products */ = {
			isa = PBXGroup;
			children = (
				FAFD1F293053AD7E00919122 /* LifeDeck.app */,
				FAFD1F383053AD8000919122 /* LifeDeckTests.xctest */,
				FAFD1F423053AD8000919122 /* LifeDeckUITests.xctest */,
			);
			name = Products;
			sourceTree = "<group>";
		};
/* End PBXGroup section */

/* Begin PBXNativeTarget section */
		FAFD1F283053AD7E00919122 /* LifeDeck */ = {
			isa = PBXNativeTarget;
			buildConfigurationList = FAFD1F4C3053AD8000919122 /* Build configuration list for PBXNativeTarget "LifeDeck" */;
			buildPhases = (
				FAFD1F253053AD7E00919122 /* Sources */,
				FAFD1F263053AD7E00919122 /* Frameworks */,
				FAFD1F273053AD7E00919122 /* Resources */,
			);
			buildRules = (
			);
			dependencies = (
			);
			fileSystemSynchronizedGroups = (
				FAFD1F2B3053AD7E00919122 /* LifeDeck */,
			);
			name = LifeDeck;
			packageProductDependencies = (
				FAFD1FCD3053E57100919122 /* HotReloading */,
				FAFD1FCF3053E57100919122 /* HotReloadingGuts */,
				FAFD1FD63053E5DA00919122 /* SwiftUIX */,
				FAFD1FD93053E67700919122 /* Pow */,
				FAFD1FDC3053FA0F00919122 /* SkeletonUI */,
			);
			productName = LifeDeck;
			productReference = FAFD1F293053AD7E00919122 /* LifeDeck.app */;
			productType = "com.apple.product-type.application";
		};
		FAFD1F373053AD8000919122 /* LifeDeckTests */ = {
			isa = PBXNativeTarget;
			buildConfigurationList = FAFD1F4F3053AD8000919122 /* Build configuration list for PBXNativeTarget "LifeDeckTests" */;
			buildPhases = (
				FAFD1F343053AD8000919122 /* Sources */,
				FAFD1F353053AD8000919122 /* Frameworks */,
				FAFD1F363053AD8000919122 /* Resources */,
			);
			buildRules = (
			);
			dependencies = (
				FAFD1F3A3053AD8000919122 /* PBXTargetDependency */,
			);
			fileSystemSynchronizedGroups = (
				FAFD1F3B3053AD8000919122 /* LifeDeckTests */,
			);
			name = LifeDeckTests;
			packageProductDependencies = (
			);
			productName = LifeDeckTests;
			productReference = FAFD1F383053AD8000919122 /* LifeDeckTests.xctest */;
			productType = "com.apple.product-type.bundle.unit-test";
		};
		FAFD1F413053AD8000919122 /* LifeDeckUITests */ = {
			isa = PBXNativeTarget;
			buildConfigurationList = FAFD1F523053AD8000919122 /* Build configuration list for PBXNativeTarget "LifeDeckUITests" */;
			buildPhases = (
				FAFD1F3E3053AD8000919122 /* Sources */,
				FAFD1F3F3053AD8000919122 /* Frameworks */,
				FAFD1F403053AD8000919122 /* Resources */,
			);
			buildRules = (
			);
			dependencies = (
				FAFD1F443053AD8000919122 /* PBXTargetDependency */,
			);
			fileSystemSynchronizedGroups = (
				FAFD1F453053AD8000919122 /* LifeDeckUITests */,
			);
			name = LifeDeckUITests;
			packageProductDependencies = (
			);
			productName = LifeDeckUITests;
			productReference = FAFD1F423053AD8000919122 /* LifeDeckUITests.xctest */;
			productType = "com.apple.product-type.bundle.ui-testing";
		};
/* End PBXNativeTarget section */

/* Begin PBXProject section */
		FAFD1F213053AD7E00919122 /* Project object */ = {
			isa = PBXProject;
			attributes = {
				BuildIndependentTargetsInParallel = 1;
				LastSwiftUpdateCheck = 2650;
				LastUpgradeCheck = 2650;
				TargetAttributes = {
					FAFD1F283053AD7E00919122 = {
						CreatedOnToolsVersion = 26.5;
					};
					FAFD1F373053AD8000919122 = {
						CreatedOnToolsVersion = 26.5;
						TestTargetID = FAFD1F283053AD7E00919122;
					};
					FAFD1F413053AD8000919122 = {
						CreatedOnToolsVersion = 26.5;
						TestTargetID = FAFD1F283053AD7E00919122;
					};
				};
			};
			buildConfigurationList = FAFD1F243053AD7E00919122 /* Build configuration list for PBXProject "LifeDeck" */;
			developmentRegion = en;
			hasScannedForEncodings = 0;
			knownRegions = (
				en,
				Base,
			);
			mainGroup = FAFD1F203053AD7E00919122;
			minimizedProjectReferenceProxies = 1;
			packageReferences = (
				FAFD1FCB3053E51400919122 /* XCRemoteSwiftPackageReference "Inject" */,
				FAFD1FCC3053E57100919122 /* XCRemoteSwiftPackageReference "HotReloading" */,
				FAFD1FD53053E5DA00919122 /* XCRemoteSwiftPackageReference "SwiftUIX" */,
				FAFD1FD83053E67700919122 /* XCRemoteSwiftPackageReference "Pow" */,
				FAFD1FDB3053FA0F00919122 /* XCRemoteSwiftPackageReference "SkeletonUI" */,
			);
			preferredProjectObjectVersion = 77;
			productRefGroup = FAFD1F2A3053AD7E00919122 /* Products */;
			projectDirPath = "";
			projectRoot = "";
			targets = (
				FAFD1F283053AD7E00919122 /* LifeDeck */,
				FAFD1F373053AD8000919122 /* LifeDeckTests */,
				FAFD1F413053AD8000919122 /* LifeDeckUITests */,
			);
		};
/* End PBXProject section */

/* Begin PBXResourcesBuildPhase section */
		FAFD1F273053AD7E00919122 /* Resources */ = {
			isa = PBXResourcesBuildPhase;
			buildActionMask = 2147483647;
			files = (
			);
			runOnlyForDeploymentPostprocessing = 0;
		};
		FAFD1F363053AD8000919122 /* Resources */ = {
			isa = PBXResourcesBuildPhase;
			buildActionMask = 2147483647;
			files = (
			);
			runOnlyForDeploymentPostprocessing = 0;
		};
		FAFD1F403053AD8000919122 /* Resources */ = {
			isa = PBXResourcesBuildPhase;
			buildActionMask = 2147483647;
			files = (
			);
			runOnlyForDeploymentPostprocessing = 0;
		};
/* End PBXResourcesBuildPhase section */

/* Begin PBXSourcesBuildPhase section */
		FAFD1F253053AD7E00919122 /* Sources */ = {
			isa = PBXSourcesBuildPhase;
			buildActionMask = 2147483647;
			files = (
			);
			runOnlyForDeploymentPostprocessing = 0;
		};
		FAFD1F343053AD8000919122 /* Sources */ = {
			isa = PBXSourcesBuildPhase;
			buildActionMask = 2147483647;
			files = (
			);
			runOnlyForDeploymentPostprocessing = 0;
		};
		FAFD1F3E3053AD8000919122 /* Sources */ = {
			isa = PBXSourcesBuildPhase;
			buildActionMask = 2147483647;
			files = (
			);
			runOnlyForDeploymentPostprocessing = 0;
		};
/* End PBXSourcesBuildPhase section */

/* Begin PBXTargetDependency section */
		FAFD1F3A3053AD8000919122 /* PBXTargetDependency */ = {
			isa = PBXTargetDependency;
			target = FAFD1F283053AD7E00919122 /* LifeDeck */;
			targetProxy = FAFD1F393053AD8000919122 /* PBXContainerItemProxy */;
		};
		FAFD1F443053AD8000919122 /* PBXTargetDependency */ = {
			isa = PBXTargetDependency;
			target = FAFD1F283053AD7E00919122 /* LifeDeck */;
			targetProxy = FAFD1F433053AD8000919122 /* PBXContainerItemProxy */;
		};
/* End PBXTargetDependency section */

/* Begin XCBuildConfiguration section */
		FAFD1F4A3053AD8000919122 /* Debug */ = {
			isa = XCBuildConfiguration;
			buildSettings = {
				ALWAYS_SEARCH_USER_PATHS = NO;
				ASSETCATALOG_COMPILER_GENERATE_SWIFT_ASSET_SYMBOL_EXTENSIONS = YES;
				CLANG_ANALYZER_NONNULL = YES;
				CLANG_ANALYZER_NUMBER_OBJECT_CONVERSION = YES_AGGRESSIVE;
				CLANG_CXX_LANGUAGE_STANDARD = "gnu++20";
				CLANG_ENABLE_MODULES = YES;
				CLANG_ENABLE_OBJC_ARC = YES;
				CLANG_ENABLE_OBJC_WEAK = YES;
				CLANG_WARN_BLOCK_CAPTURE_AUTORELEASING = YES;
				CLANG_WARN_BOOL_CONVERSION = YES;
				CLANG_WARN_COMMA = YES;
				CLANG_WARN_CONSTANT_CONVERSION = YES;
				CLANG_WARN_DEPRECATED_OBJC_IMPLEMENTATIONS = YES;
				CLANG_WARN_DIRECT_OBJC_ISA_USAGE = YES_ERROR;
				CLANG_WARN_DOCUMENTATION_COMMENTS = YES;
				CLANG_WARN_EMPTY_BODY = YES;
				CLANG_WARN_ENUM_CONVERSION = YES;
				CLANG_WARN_INFINITE_RECURSION = YES;
				CLANG_WARN_INT_CONVERSION = YES;
				CLANG_WARN_NON_LITERAL_NULL_CONVERSION = YES;
				CLANG_WARN_OBJC_IMPLICIT_RETAIN_SELF = YES;
				CLANG_WARN_OBJC_LITERAL_CONVERSION = YES;
				CLANG_WARN_OBJC_ROOT_CLASS = YES_ERROR;
				CLANG_WARN_QUOTED_INCLUDE_IN_FRAMEWORK_HEADER = YES;
				CLANG_WARN_RANGE_LOOP_ANALYSIS = YES;
				CLANG_WARN_STRICT_PROTOTYPES = YES;
				CLANG_WARN_SUSPICIOUS_MOVE = YES;
				CLANG_WARN_UNGUARDED_AVAILABILITY = YES_AGGRESSIVE;
				CLANG_WARN_UNREACHABLE_CODE = YES;
				CLANG_WARN__DUPLICATE_METHOD_MATCH = YES;
				COPY_PHASE_STRIP = NO;
				DEBUG_INFORMATION_FORMAT = dwarf;
				DEVELOPMENT_TEAM = 29P8HLZU37;
				ENABLE_STRICT_OBJC_MSGSEND = YES;
				ENABLE_TESTABILITY = YES;
				ENABLE_USER_SCRIPT_SANDBOXING = YES;
				GCC_C_LANGUAGE_STANDARD = gnu17;
				GCC_DYNAMIC_NO_PIC = NO;
				GCC_NO_COMMON_BLOCKS = YES;
				GCC_OPTIMIZATION_LEVEL = 0;
				GCC_PREPROCESSOR_DEFINITIONS = (
					"DEBUG=1",
					"$(inherited)",
				);
				GCC_WARN_64_TO_32_BIT_CONVERSION = YES;
				GCC_WARN_ABOUT_RETURN_TYPE = YES_ERROR;
				GCC_WARN_UNDECLARED_SELECTOR = YES;
				GCC_WARN_UNINITIALIZED_AUTOS = YES_AGGRESSIVE;
				GCC_WARN_UNUSED_FUNCTION = YES;
				GCC_WARN_UNUSED_VARIABLE = YES;
				IPHONEOS_DEPLOYMENT_TARGET = 26.5;
				LOCALIZATION_PREFERS_STRING_CATALOGS = YES;
				MTL_ENABLE_DEBUG_INFO = INCLUDE_SOURCE;
				MTL_FAST_MATH = YES;
				ONLY_ACTIVE_ARCH = YES;
				SDKROOT = iphoneos;
				SWIFT_ACTIVE_COMPILATION_CONDITIONS = "DEBUG $(inherited)";
				SWIFT_OPTIMIZATION_LEVEL = "-Onone";
			};
			name = Debug;
		};
		FAFD1F4B3053AD8000919122 /* Release */ = {
			isa = XCBuildConfiguration;
			buildSettings = {
				ALWAYS_SEARCH_USER_PATHS = NO;
				ASSETCATALOG_COMPILER_GENERATE_SWIFT_ASSET_SYMBOL_EXTENSIONS = YES;
				CLANG_ANALYZER_NONNULL = YES;
				CLANG_ANALYZER_NUMBER_OBJECT_CONVERSION = YES_AGGRESSIVE;
				CLANG_CXX_LANGUAGE_STANDARD = "gnu++20";
				CLANG_ENABLE_MODULES = YES;
				CLANG_ENABLE_OBJC_ARC = YES;
				CLANG_ENABLE_OBJC_WEAK = YES;
				CLANG_WARN_BLOCK_CAPTURE_AUTORELEASING = YES;
				CLANG_WARN_BOOL_CONVERSION = YES;
				CLANG_WARN_COMMA = YES;
				CLANG_WARN_CONSTANT_CONVERSION = YES;
				CLANG_WARN_DEPRECATED_OBJC_IMPLEMENTATIONS = YES;
				CLANG_WARN_DIRECT_OBJC_ISA_USAGE = YES_ERROR;
				CLANG_WARN_DOCUMENTATION_COMMENTS = YES;
				CLANG_WARN_EMPTY_BODY = YES;
				CLANG_WARN_ENUM_CONVERSION = YES;
				CLANG_WARN_INFINITE_RECURSION = YES;
				CLANG_WARN_INT_CONVERSION = YES;
				CLANG_WARN_NON_LITERAL_NULL_CONVERSION = YES;
				CLANG_WARN_OBJC_IMPLICIT_RETAIN_SELF = YES;
				CLANG_WARN_OBJC_LITERAL_CONVERSION = YES;
				CLANG_WARN_OBJC_ROOT_CLASS = YES_ERROR;
				CLANG_WARN_QUOTED_INCLUDE_IN_FRAMEWORK_HEADER = YES;
				CLANG_WARN_RANGE_LOOP_ANALYSIS = YES;
				CLANG_WARN_STRICT_PROTOTYPES = YES;
				CLANG_WARN_SUSPICIOUS_MOVE = YES;
				CLANG_WARN_UNGUARDED_AVAILABILITY = YES_AGGRESSIVE;
				CLANG_WARN_UNREACHABLE_CODE = YES;
				CLANG_WARN__DUPLICATE_METHOD_MATCH = YES;
				COPY_PHASE_STRIP = NO;
				DEBUG_INFORMATION_FORMAT = "dwarf-with-dsym";
				DEVELOPMENT_TEAM = 29P8HLZU37;
				ENABLE_NS_ASSERTIONS = NO;
				ENABLE_STRICT_OBJC_MSGSEND = YES;
				ENABLE_USER_SCRIPT_SANDBOXING = YES;
				GCC_C_LANGUAGE_STANDARD = gnu17;
				GCC_NO_COMMON_BLOCKS = YES;
				GCC_WARN_64_TO_32_BIT_CONVERSION = YES;
				GCC_WARN_ABOUT_RETURN_TYPE = YES_ERROR;
				GCC_WARN_UNDECLARED_SELECTOR = YES;
				GCC_WARN_UNINITIALIZED_AUTOS = YES_AGGRESSIVE;
				GCC_WARN_UNUSED_FUNCTION = YES;
				GCC_WARN_UNUSED_VARIABLE = YES;
				IPHONEOS_DEPLOYMENT_TARGET = 26.5;
				LOCALIZATION_PREFERS_STRING_CATALOGS = YES;
				MTL_ENABLE_DEBUG_INFO = NO;
				MTL_FAST_MATH = YES;
				SDKROOT = iphoneos;
				SWIFT_COMPILATION_MODE = wholemodule;
				VALIDATE_PRODUCT = YES;
			};
			name = Release;
		};
		FAFD1F4D3053AD8000919122 /* Debug */ = {
			isa = XCBuildConfiguration;
			buildSettings = {
				ASSETCATALOG_COMPILER_APPICON_NAME = AppIcon;
				ASSETCATALOG_COMPILER_GLOBAL_ACCENT_COLOR_NAME = AccentColor;
				CODE_SIGN_STYLE = Automatic;
				CURRENT_PROJECT_VERSION = 1;
				DEVELOPMENT_TEAM = 29P8HLZU37;
				ENABLE_PREVIEWS = YES;
				GENERATE_INFOPLIST_FILE = YES;
				INFOPLIST_KEY_UIApplicationSceneManifest_Generation = YES;
				INFOPLIST_KEY_UIApplicationSupportsIndirectInputEvents = YES;
				INFOPLIST_KEY_UILaunchScreen_Generation = YES;
				INFOPLIST_KEY_UISupportedInterfaceOrientations_iPad = "UIInterfaceOrientationPortrait UIInterfaceOrientationPortraitUpsideDown UIInterfaceOrientationLandscapeLeft UIInterfaceOrientationLandscapeRight";
				INFOPLIST_KEY_UISupportedInterfaceOrientations_iPhone = "UIInterfaceOrientationPortrait UIInterfaceOrientationLandscapeLeft UIInterfaceOrientationLandscapeRight";
				LD_RUNPATH_SEARCH_PATHS = (
					"$(inherited)",
					"@executable_path/Frameworks",
				);
				MARKETING_VERSION = 1.0;
				PRODUCT_BUNDLE_IDENTIFIER = vn.raybiter.LifeDeck;
				PRODUCT_NAME = "$(TARGET_NAME)";
				STRING_CATALOG_GENERATE_SYMBOLS = YES;
				SWIFT_APPROACHABLE_CONCURRENCY = YES;
				SWIFT_DEFAULT_ACTOR_ISOLATION = MainActor;
				SWIFT_EMIT_LOC_STRINGS = YES;
				SWIFT_UPCOMING_FEATURE_MEMBER_IMPORT_VISIBILITY = YES;
				SWIFT_VERSION = 5.0;
				TARGETED_DEVICE_FAMILY = "1,2";
			};
			name = Debug;
		};
		FAFD1F4E3053AD8000919122 /* Release */ = {
			isa = XCBuildConfiguration;
			buildSettings = {
				ASSETCATALOG_COMPILER_APPICON_NAME = AppIcon;
				ASSETCATALOG_COMPILER_GLOBAL_ACCENT_COLOR_NAME = AccentColor;
				CODE_SIGN_STYLE = Automatic;
				CURRENT_PROJECT_VERSION = 1;
				DEVELOPMENT_TEAM = 29P8HLZU37;
				ENABLE_PREVIEWS = YES;
				GENERATE_INFOPLIST_FILE = YES;
				INFOPLIST_KEY_UIApplicationSceneManifest_Generation = YES;
				INFOPLIST_KEY_UIApplicationSupportsIndirectInputEvents = YES;
				INFOPLIST_KEY_UILaunchScreen_Generation = YES;
				INFOPLIST_KEY_UISupportedInterfaceOrientations_iPad = "UIInterfaceOrientationPortrait UIInterfaceOrientationPortraitUpsideDown UIInterfaceOrientationLandscapeLeft UIInterfaceOrientationLandscapeRight";
				INFOPLIST_KEY_UISupportedInterfaceOrientations_iPhone = "UIInterfaceOrientationPortrait UIInterfaceOrientationLandscapeLeft UIInterfaceOrientationLandscapeRight";
				LD_RUNPATH_SEARCH_PATHS = (
					"$(inherited)",
					"@executable_path/Frameworks",
				);
				MARKETING_VERSION = 1.0;
				PRODUCT_BUNDLE_IDENTIFIER = vn.raybiter.LifeDeck;
				PRODUCT_NAME = "$(TARGET_NAME)";
				STRING_CATALOG_GENERATE_SYMBOLS = YES;
				SWIFT_APPROACHABLE_CONCURRENCY = YES;
				SWIFT_DEFAULT_ACTOR_ISOLATION = MainActor;
				SWIFT_EMIT_LOC_STRINGS = YES;
				SWIFT_UPCOMING_FEATURE_MEMBER_IMPORT_VISIBILITY = YES;
				SWIFT_VERSION = 5.0;
				TARGETED_DEVICE_FAMILY = "1,2";
			};
			name = Release;
		};
		FAFD1F503053AD8000919122 /* Debug */ = {
			isa = XCBuildConfiguration;
			buildSettings = {
				BUNDLE_LOADER = "$(TEST_HOST)";
				CODE_SIGN_STYLE = Automatic;
				CURRENT_PROJECT_VERSION = 1;
				DEVELOPMENT_TEAM = 29P8HLZU37;
				GENERATE_INFOPLIST_FILE = YES;
				IPHONEOS_DEPLOYMENT_TARGET = 26.5;
				MARKETING_VERSION = 1.0;
				PRODUCT_BUNDLE_IDENTIFIER = vn.raybiter.LifeDeckTests;
				PRODUCT_NAME = "$(TARGET_NAME)";
				STRING_CATALOG_GENERATE_SYMBOLS = NO;
				SWIFT_APPROACHABLE_CONCURRENCY = YES;
				SWIFT_EMIT_LOC_STRINGS = NO;
				SWIFT_UPCOMING_FEATURE_MEMBER_IMPORT_VISIBILITY = YES;
				SWIFT_VERSION = 5.0;
				TARGETED_DEVICE_FAMILY = "1,2";
				TEST_HOST = "$(BUILT_PRODUCTS_DIR)/LifeDeck.app/$(BUNDLE_EXECUTABLE_FOLDER_PATH)/LifeDeck";
			};
			name = Debug;
		};
		FAFD1F513053AD8000919122 /* Release */ = {
			isa = XCBuildConfiguration;
			buildSettings = {
				BUNDLE_LOADER = "$(TEST_HOST)";
				CODE_SIGN_STYLE = Automatic;
				CURRENT_PROJECT_VERSION = 1;
				DEVELOPMENT_TEAM = 29P8HLZU37;
				GENERATE_INFOPLIST_FILE = YES;
				IPHONEOS_DEPLOYMENT_TARGET = 26.5;
				MARKETING_VERSION = 1.0;
				PRODUCT_BUNDLE_IDENTIFIER = vn.raybiter.LifeDeckTests;
				PRODUCT_NAME = "$(TARGET_NAME)";
				STRING_CATALOG_GENERATE_SYMBOLS = NO;
				SWIFT_APPROACHABLE_CONCURRENCY = YES;
				SWIFT_EMIT_LOC_STRINGS = NO;
				SWIFT_UPCOMING_FEATURE_MEMBER_IMPORT_VISIBILITY = YES;
				SWIFT_VERSION = 5.0;
				TARGETED_DEVICE_FAMILY = "1,2";
				TEST_HOST = "$(BUILT_PRODUCTS_DIR)/LifeDeck.app/$(BUNDLE_EXECUTABLE_FOLDER_PATH)/LifeDeck";
			};
			name = Release;
		};
		FAFD1F533053AD8000919122 /* Debug */ = {
			isa = XCBuildConfiguration;
			buildSettings = {
				CODE_SIGN_STYLE = Automatic;
				CURRENT_PROJECT_VERSION = 1;
				DEVELOPMENT_TEAM = 29P8HLZU37;
				GENERATE_INFOPLIST_FILE = YES;
				MARKETING_VERSION = 1.0;
				PRODUCT_BUNDLE_IDENTIFIER = vn.raybiter.LifeDeckUITests;
				PRODUCT_NAME = "$(TARGET_NAME)";
				STRING_CATALOG_GENERATE_SYMBOLS = NO;
				SWIFT_APPROACHABLE_CONCURRENCY = YES;
				SWIFT_EMIT_LOC_STRINGS = NO;
				SWIFT_UPCOMING_FEATURE_MEMBER_IMPORT_VISIBILITY = YES;
				SWIFT_VERSION = 5.0;
				TARGETED_DEVICE_FAMILY = "1,2";
				TEST_TARGET_NAME = LifeDeck;
			};
			name = Debug;
		};
		FAFD1F543053AD8000919122 /* Release */ = {
			isa = XCBuildConfiguration;
			buildSettings = {
				CODE_SIGN_STYLE = Automatic;
				CURRENT_PROJECT_VERSION = 1;
				DEVELOPMENT_TEAM = 29P8HLZU37;
				GENERATE_INFOPLIST_FILE = YES;
				MARKETING_VERSION = 1.0;
				PRODUCT_BUNDLE_IDENTIFIER = vn.raybiter.LifeDeckUITests;
				PRODUCT_NAME = "$(TARGET_NAME)";
				STRING_CATALOG_GENERATE_SYMBOLS = NO;
				SWIFT_APPROACHABLE_CONCURRENCY = YES;
				SWIFT_EMIT_LOC_STRINGS = NO;
				SWIFT_UPCOMING_FEATURE_MEMBER_IMPORT_VISIBILITY = YES;
				SWIFT_VERSION = 5.0;
				TARGETED_DEVICE_FAMILY = "1,2";
				TEST_TARGET_NAME = LifeDeck;
			};
			name = Release;
		};
/* End XCBuildConfiguration section */

/* Begin XCConfigurationList section */
		FAFD1F243053AD7E00919122 /* Build configuration list for PBXProject "LifeDeck" */ = {
			isa = XCConfigurationList;
			buildConfigurations = (
				FAFD1F4A3053AD8000919122 /* Debug */,
				FAFD1F4B3053AD8000919122 /* Release */,
			);
			defaultConfigurationIsVisible = 0;
			defaultConfigurationName = Release;
		};
		FAFD1F4C3053AD8000919122 /* Build configuration list for PBXNativeTarget "LifeDeck" */ = {
			isa = XCConfigurationList;
			buildConfigurations = (
				FAFD1F4D3053AD8000919122 /* Debug */,
				FAFD1F4E3053AD8000919122 /* Release */,
			);
			defaultConfigurationIsVisible = 0;
			defaultConfigurationName = Release;
		};
		FAFD1F4F3053AD8000919122 /* Build configuration list for PBXNativeTarget "LifeDeckTests" */ = {
			isa = XCConfigurationList;
			buildConfigurations = (
				FAFD1F503053AD8000919122 /* Debug */,
				FAFD1F513053AD8000919122 /* Release */,
			);
			defaultConfigurationIsVisible = 0;
			defaultConfigurationName = Release;
		};
		FAFD1F523053AD8000919122 /* Build configuration list for PBXNativeTarget "LifeDeckUITests" */ = {
			isa = XCConfigurationList;
			buildConfigurations = (
				FAFD1F533053AD8000919122 /* Debug */,
				FAFD1F543053AD8000919122 /* Release */,
			);
			defaultConfigurationIsVisible = 0;
			defaultConfigurationName = Release;
		};
/* End XCConfigurationList section */

/* Begin XCRemoteSwiftPackageReference section */
		FAFD1FCB3053E51400919122 /* XCRemoteSwiftPackageReference "Inject" */ = {
			isa = XCRemoteSwiftPackageReference;
			repositoryURL = "https://github.com/krzysztofzablocki/Inject.git";
			requirement = {
				kind = upToNextMajorVersion;
				minimumVersion = 1.6.0;
			};
		};
		FAFD1FCC3053E57100919122 /* XCRemoteSwiftPackageReference "HotReloading" */ = {
			isa = XCRemoteSwiftPackageReference;
			repositoryURL = "https://github.com/johnno1962/HotReloading.git";
			requirement = {
				kind = upToNextMajorVersion;
				minimumVersion = 5.0.11;
			};
		};
		FAFD1FD53053E5DA00919122 /* XCRemoteSwiftPackageReference "SwiftUIX" */ = {
			isa = XCRemoteSwiftPackageReference;
			repositoryURL = "https://github.com/SwiftUIX/SwiftUIX.git";
			requirement = {
				kind = upToNextMajorVersion;
				minimumVersion = 0.3.1;
			};
		};
		FAFD1FD83053E67700919122 /* XCRemoteSwiftPackageReference "Pow" */ = {
			isa = XCRemoteSwiftPackageReference;
			repositoryURL = "https://github.com/EmergeTools/Pow.git";
			requirement = {
				kind = upToNextMajorVersion;
				minimumVersion = 1.0.6;
			};
		};
		FAFD1FDB3053FA0F00919122 /* XCRemoteSwiftPackageReference "SkeletonUI" */ = {
			isa = XCRemoteSwiftPackageReference;
			repositoryURL = "https://github.com/CSolanaM/SkeletonUI.git";
			requirement = {
				kind = upToNextMajorVersion;
				minimumVersion = 2.0.2;
			};
		};
/* End XCRemoteSwiftPackageReference section */

/* Begin XCSwiftPackageProductDependency section */
		FAFD1FCD3053E57100919122 /* HotReloading */ = {
			isa = XCSwiftPackageProductDependency;
			package = FAFD1FCC3053E57100919122 /* XCRemoteSwiftPackageReference "HotReloading" */;
			productName = HotReloading;
		};
		FAFD1FCF3053E57100919122 /* HotReloadingGuts */ = {
			isa = XCSwiftPackageProductDependency;
			package = FAFD1FCC3053E57100919122 /* XCRemoteSwiftPackageReference "HotReloading" */;
			productName = HotReloadingGuts;
		};
		FAFD1FD63053E5DA00919122 /* SwiftUIX */ = {
			isa = XCSwiftPackageProductDependency;
			package = FAFD1FD53053E5DA00919122 /* XCRemoteSwiftPackageReference "SwiftUIX" */;
			productName = SwiftUIX;
		};
		FAFD1FD93053E67700919122 /* Pow */ = {
			isa = XCSwiftPackageProductDependency;
			package = FAFD1FD83053E67700919122 /* XCRemoteSwiftPackageReference "Pow" */;
			productName = Pow;
		};
		FAFD1FDC3053FA0F00919122 /* SkeletonUI */ = {
			isa = XCSwiftPackageProductDependency;
			package = FAFD1FDB3053FA0F00919122 /* XCRemoteSwiftPackageReference "SkeletonUI" */;
			productName = SkeletonUI;
		};
/* End XCSwiftPackageProductDependency section */
	};
	rootObject = FAFD1F213053AD7E00919122 /* Project object */;
}
